
Microsoft Visual Studio Solution File, Format Version 12.00
# Visual Studio Version 17
VisualStudioVersion = 17.14.37516.0 d17.14
MinimumVisualStudioVersion = 10.0.40219.1
Project("{FAE04EC0-301F-11D3-BF4B-00C04F79EFBC}") = "BlueRockLightsOut", "BlueRockLightsOut.csproj", "{3138C296-BF7D-4825-87B7-6655E19C08D7}"
EndProject
Global
	GlobalSection(SolutionConfigurationPlatforms) = preSolution
		Debug|Any CPU = Debug|Any CPU
		Release|Any CPU = Release|Any CPU
	EndGlobalSection
	GlobalSection(ProjectConfigurationPlatforms) = postSolution
		{3138C296-BF7D-4825-87B7-6655E19C08D7}.Debug|Any CPU.ActiveCfg = Debug|Any CPU
		{3138C296-BF7D-4825-87B7-6655E19C08D7}.Debug|Any CPU.Build.0 = Debug|Any CPU
		{3138C296-BF7D-4825-87B7-6655E19C08D7}.Release|Any CPU.ActiveCfg = Release|Any CPU
		{3138C296-BF7D-4825-87B7-6655E19C08D7}.Release|Any CPU.Build.0 = Release|Any CPU
	EndGlobalSection
	GlobalSection(SolutionProperties) = preSolution
		HideSolutionNode = FALSE
	EndGlobalSection
	GlobalSection(ExtensibilityGlobals) = postSolution
		SolutionGuid = {0943EAC2-52F5-4084-A1D9-06941893B289}
	EndGlobalSection
EndGlobal
